
Microsoft Visual Studio Solution File, Format Version 12.00
# Visual Studio Version 17
VisualStudioVersion = 17.11.35312.102
MinimumVisualStudioVersion = 10.0.40219.1
Project("{FAE04EC0-301F-11D3-BF4B-00C04F79EFBC}") = "laba9", "laba9.csproj", "{FC88BA98-4557-459F-AA7C-BE585A0E602C}"
EndProject
Global
	GlobalSection(SolutionConfigurationPlatforms) = preSolution
		Debug|Any CPU = Debug|Any CPU
		Release|Any CPU = Release|Any CPU
	EndGlobalSection
	GlobalSection(ProjectConfigurationPlatforms) = postSolution
		{FC88BA98-4557-459F-AA7C-BE585A0E602C}.Debug|Any CPU.ActiveCfg = Debug|Any CPU
		{FC88BA98-4557-459F-AA7C-BE585A0E602C}.Debug|Any CPU.Build.0 = Debug|Any CPU
		{FC88BA98-4557-459F-AA7C-BE585A0E602C}.Release|Any CPU.ActiveCfg = Release|Any CPU
		{FC88BA98-4557-459F-AA7C-BE585A0E602C}.Release|Any CPU.Build.0 = Release|Any CPU
	EndGlobalSection
	GlobalSection(SolutionProperties) = preSolution
		HideSolutionNode = FALSE
	EndGlobalSection
	GlobalSection(ExtensibilityGlobals) = postSolution
		SolutionGuid = {02E11E4E-FB81-4314-804F-3F213FC65F17}
	EndGlobalSection
EndGlobal
